
Microsoft Visual Studio Solution File, Format Version 12.00
# Visual Studio 15
VisualStudioVersion = 15.0.27428.2015
MinimumVisualStudioVersion = 10.0.40219.1
Project("{FAE04EC0-301F-11D3-BF4B-00C04F79EFBC}") = "Asteroids", "Asteroids\Asteroids.csproj", "{46C10B0B-9AAB-472A-8DE5-F42114E13023}"
EndProject
Project("{FAE04EC0-301F-11D3-BF4B-00C04F79EFBC}") = "Task2", "Task2\Task2.csproj", "{C9B02347-F1D9-45A0-A382-5F8546E11D23}"
EndProject
Project("{FAE04EC0-301F-11D3-BF4B-00C04F79EFBC}") = "Task3", "Task3\Task3.csproj", "{4049158F-68FF-48C6-BD0A-BF05F4F75E27}"
EndProject
Global
	GlobalSection(SolutionConfigurationPlatforms) = preSolution
		Debug|Any CPU = Debug|Any CPU
		Release|Any CPU = Release|Any CPU
	EndGlobalSection
	GlobalSection(ProjectConfigurationPlatforms) = postSolution
		{46C10B0B-9AAB-472A-8DE5-F42114E13023}.Debug|Any CPU.ActiveCfg = Debug|Any CPU
		{46C10B0B-9AAB-472A-8DE5-F42114E13023}.Debug|Any CPU.Build.0 = Debug|Any CPU
		{46C10B0B-9AAB-472A-8DE5-F42114E13023}.Release|Any CPU.ActiveCfg = Release|Any CPU
		{46C10B0B-9AAB-472A-8DE5-F42114E13023}.Release|Any CPU.Build.0 = Release|Any CPU
		{C9B02347-F1D9-45A0-A382-5F8546E11D23}.Debug|Any CPU.ActiveCfg = Debug|Any CPU
		{C9B02347-F1D9-45A0-A382-5F8546E11D23}.Debug|Any CPU.Build.0 = Debug|Any CPU
		{C9B02347-F1D9-45A0-A382-5F8546E11D23}.Release|Any CPU.ActiveCfg = Release|Any CPU
		{C9B02347-F1D9-45A0-A382-5F8546E11D23}.Release|Any CPU.Build.0 = Release|Any CPU
		{4049158F-68FF-48C6-BD0A-BF05F4F75E27}.Debug|Any CPU.ActiveCfg = Debug|Any CPU
		{4049158F-68FF-48C6-BD0A-BF05F4F75E27}.Debug|Any CPU.Build.0 = Debug|Any CPU
		{4049158F-68FF-48C6-BD0A-BF05F4F75E27}.Release|Any CPU.ActiveCfg = Release|Any CPU
		{4049158F-68FF-48C6-BD0A-BF05F4F75E27}.Release|Any CPU.Build.0 = Release|Any CPU
	EndGlobalSection
	GlobalSection(SolutionProperties) = preSolution
		HideSolutionNode = FALSE
	EndGlobalSection
	GlobalSection(ExtensibilityGlobals) = postSolution
		SolutionGuid = {C67065A4-D4C6-4A69-81CD-610B8EB84023}
	EndGlobalSection
EndGlobal
